{
  "name": "@elegantdevelopment/aws-cdk-dynamodb-seeder",
  "version": "1.0.0",
  "lockfileVersion": 1,
  "requires": true,
  "dependencies": {
    "@aws-cdk/assets": {
      "version": "1.25.0",
      "resolved": "https://registry.npmjs.org/@aws-cdk/assets/-/assets-1.25.0.tgz",
      "integrity": "sha512-Op+lUgOEyNTBWtDM/tQfuARjaK5v3S5c71q4u5CF8h8NrDmsC8evj8WO5I7N5KtTCVPp3qF2KbWwN46VMfnb4A==",
      "requires": {
        "@aws-cdk/core": "1.25.0",
        "@aws-cdk/cx-api": "1.25.0",
        "minimatch": "^3.0.4"
      },
      "dependencies": {
        "balanced-match": {
          "version": "1.0.0",
          "bundled": true
        },
        "brace-expansion": {
          "version": "1.1.11",
          "bundled": true,
          "requires": {
            "balanced-match": "^1.0.0",
            "concat-map": "0.0.1"
          }
        },
        "concat-map": {
          "version": "0.0.1",
          "bundled": true
        },
        "minimatch": {
          "version": "3.0.4",
          "bundled": true,
          "requires": {
            "brace-expansion": "^1.1.7"
          }
        }
      }
    },
    "@aws-cdk/aws-apigateway": {
      "version": "1.25.0",
      "resolved": "https://registry.npmjs.org/@aws-cdk/aws-apigateway/-/aws-apigateway-1.25.0.tgz",
      "integrity": "sha512-0qTquUeAhWqW71MUxmEu2QOg6rdosBaOI1VflsX2bFzegkYzCPt1L6AJrDh300rkKMjXzz5VKXeQIXsL8kcmlQ==",
      "requires": {
        "@aws-cdk/aws-certificatemanager": "1.25.0",
        "@aws-cdk/aws-elasticloadbalancingv2": "1.25.0",
        "@aws-cdk/aws-iam": "1.25.0",
        "@aws-cdk/aws-lambda": "1.25.0",
        "@aws-cdk/core": "1.25.0"
      }
    },
    "@aws-cdk/aws-applicationautoscaling": {
      "version": "1.25.0",
      "resolved": "https://registry.npmjs.org/@aws-cdk/aws-applicationautoscaling/-/aws-applicationautoscaling-1.25.0.tgz",
      "integrity": "sha512-3mgqkDUrFgvouXD02FXEw7bAjiNgjUYllcriaKk/pOuW1o3kSinA7OX8BJDVVrVVrwFG+wj50d0r9KOjJMFTEg==",
      "requires": {
        "@aws-cdk/aws-autoscaling-common": "1.25.0",
        "@aws-cdk/aws-cloudwatch": "1.25.0",
        "@aws-cdk/aws-iam": "1.25.0",
        "@aws-cdk/core": "1.25.0"
      }
    },
    "@aws-cdk/aws-autoscaling": {
      "version": "1.25.0",
      "resolved": "https://registry.npmjs.org/@aws-cdk/aws-autoscaling/-/aws-autoscaling-1.25.0.tgz",
      "integrity": "sha512-P2a2BiELr+D4aBoiM0cNg8L26VKzSkBl94K8UCak/pDch0C9GHON+lohhXhbBp0xXaYbtDmDGFCViP9M7IIxrg==",
      "requires": {
        "@aws-cdk/aws-autoscaling-common": "1.25.0",
        "@aws-cdk/aws-cloudwatch": "1.25.0",
        "@aws-cdk/aws-ec2": "1.25.0",
        "@aws-cdk/aws-elasticloadbalancing": "1.25.0",
        "@aws-cdk/aws-elasticloadbalancingv2": "1.25.0",
        "@aws-cdk/aws-iam": "1.25.0",
        "@aws-cdk/aws-sns": "1.25.0",
        "@aws-cdk/core": "1.25.0"
      }
    },
    "@aws-cdk/aws-autoscaling-common": {
      "version": "1.25.0",
      "resolved": "https://registry.npmjs.org/@aws-cdk/aws-autoscaling-common/-/aws-autoscaling-common-1.25.0.tgz",
      "integrity": "sha512-Wii+5gzjCU/nF1Be3K67HzB5K83+jLI1ZVOuoq+gvMR7RVKXKhd/Nw9Pjc957Bf3YoKhXGH+HaGqQicBnKfMtg==",
      "requires": {
        "@aws-cdk/aws-iam": "1.25.0",
        "@aws-cdk/core": "1.25.0"
      }
    },
    "@aws-cdk/aws-autoscaling-hooktargets": {
      "version": "1.25.0",
      "resolved": "https://registry.npmjs.org/@aws-cdk/aws-autoscaling-hooktargets/-/aws-autoscaling-hooktargets-1.25.0.tgz",
      "integrity": "sha512-6LBBmdwnOyq086xGaRup4zNVVrKqpgJ000Vt3dBHV/V9/sQRkzt8hUXuPUWKW3KgY98xnbBCcumHcxuvFW6Gew==",
      "requires": {
        "@aws-cdk/aws-autoscaling": "1.25.0",
        "@aws-cdk/aws-iam": "1.25.0",
        "@aws-cdk/aws-lambda": "1.25.0",
        "@aws-cdk/aws-sns": "1.25.0",
        "@aws-cdk/aws-sns-subscriptions": "1.25.0",
        "@aws-cdk/aws-sqs": "1.25.0",
        "@aws-cdk/core": "1.25.0"
      }
    },
    "@aws-cdk/aws-certificatemanager": {
      "version": "1.25.0",
      "resolved": "https://registry.npmjs.org/@aws-cdk/aws-certificatemanager/-/aws-certificatemanager-1.25.0.tgz",
      "integrity": "sha512-A86JoqC00Of0zqGDO/oPeFdGSHmrCw3BTP2Z8sVVSt0TMq8KWdqY3lGi/r/aOkksCSpSbY2tyAbqHVC/v3qNDA==",
      "requires": {
        "@aws-cdk/aws-cloudformation": "1.25.0",
        "@aws-cdk/aws-iam": "1.25.0",
        "@aws-cdk/aws-lambda": "1.25.0",
        "@aws-cdk/aws-route53": "1.25.0",
        "@aws-cdk/core": "1.25.0"
      }
    },
    "@aws-cdk/aws-cloudformation": {
      "version": "1.25.0",
      "resolved": "https://registry.npmjs.org/@aws-cdk/aws-cloudformation/-/aws-cloudformation-1.25.0.tgz",
      "integrity": "sha512-+mZnBLLMpqFc+5Wk9oSzORUFBIBSpRruoAZwAMj1YqGXDOiKh8eyAiIxxiB7ZQowQhZnWpMYo1G9ARzhndqNXQ==",
      "requires": {
        "@aws-cdk/aws-iam": "1.25.0",
        "@aws-cdk/aws-lambda": "1.25.0",
        "@aws-cdk/aws-s3": "1.25.0",
        "@aws-cdk/aws-sns": "1.25.0",
        "@aws-cdk/core": "1.25.0",
        "@aws-cdk/cx-api": "1.25.0"
      }
    },
    "@aws-cdk/aws-cloudfront": {
      "version": "1.25.0",
      "resolved": "https://registry.npmjs.org/@aws-cdk/aws-cloudfront/-/aws-cloudfront-1.25.0.tgz",
      "integrity": "sha512-eRoCkTMLRgNj8cXRKWnxTWRtBW6B/7QXCJ79obRPkqkIdD96nnAVYazdJjoeLFdxO8AXylKI2u64JfPqQ+LW9g==",
      "requires": {
        "@aws-cdk/aws-certificatemanager": "1.25.0",
        "@aws-cdk/aws-iam": "1.25.0",
        "@aws-cdk/aws-kms": "1.25.0",
        "@aws-cdk/aws-lambda": "1.25.0",
        "@aws-cdk/aws-s3": "1.25.0",
        "@aws-cdk/core": "1.25.0"
      }
    },
    "@aws-cdk/aws-cloudwatch": {
      "version": "1.25.0",
      "resolved": "https://registry.npmjs.org/@aws-cdk/aws-cloudwatch/-/aws-cloudwatch-1.25.0.tgz",
      "integrity": "sha512-IMHMCpJA13aebBX9/XcAqJt4bOw2afyaWA4gKFCRiqF/EF8UzDrJvNxiftctFsDjtY6kbkq7rwT7nx8ixGko9g==",
      "requires": {
        "@aws-cdk/aws-iam": "1.25.0",
        "@aws-cdk/core": "1.25.0"
      }
    },
    "@aws-cdk/aws-dynamodb": {
      "version": "1.25.0",
      "resolved": "https://registry.npmjs.org/@aws-cdk/aws-dynamodb/-/aws-dynamodb-1.25.0.tgz",
      "integrity": "sha512-ED1Ho5M80ul6zY09awoF1AoyjLbK/IeeQIYzDZTE5H3AdU/X74w+FCAjjosCmgDiCIpR/UcT58sW3hdwQXQ8Fg==",
      "requires": {
        "@aws-cdk/aws-applicationautoscaling": "1.25.0",
        "@aws-cdk/aws-cloudformation": "1.25.0",
        "@aws-cdk/aws-cloudwatch": "1.25.0",
        "@aws-cdk/aws-iam": "1.25.0",
        "@aws-cdk/aws-lambda": "1.25.0",
        "@aws-cdk/core": "1.25.0",
        "@aws-cdk/custom-resources": "1.25.0"
      }
    },
    "@aws-cdk/aws-ec2": {
      "version": "1.25.0",
      "resolved": "https://registry.npmjs.org/@aws-cdk/aws-ec2/-/aws-ec2-1.25.0.tgz",
      "integrity": "sha512-T/8VKhuIIzM+J04YVQ1Hvj2DzNPjB7tD9NnbwL1I9LXLBa9kl2Z1NVdejce02s0XOswZYeexo4bYcFmOohiprA==",
      "requires": {
        "@aws-cdk/aws-cloudwatch": "1.25.0",
        "@aws-cdk/aws-iam": "1.25.0",
        "@aws-cdk/aws-logs": "1.25.0",
        "@aws-cdk/aws-s3": "1.25.0",
        "@aws-cdk/aws-ssm": "1.25.0",
        "@aws-cdk/core": "1.25.0",
        "@aws-cdk/cx-api": "1.25.0"
      }
    },
    "@aws-cdk/aws-ecr": {
      "version": "1.25.0",
      "resolved": "https://registry.npmjs.org/@aws-cdk/aws-ecr/-/aws-ecr-1.25.0.tgz",
      "integrity": "sha512-I/ZthKKOIlRh8UhFIe6LUzAz3nUr+r016YmBEjV1bd7fohF4C+Uqm/IkEE2cBfpAAfBaD0ujTFcI1Zlx2Io6qA==",
      "requires": {
        "@aws-cdk/aws-events": "1.25.0",
        "@aws-cdk/aws-iam": "1.25.0",
        "@aws-cdk/core": "1.25.0"
      }
    },
    "@aws-cdk/aws-ecr-assets": {
      "version": "1.25.0",
      "resolved": "https://registry.npmjs.org/@aws-cdk/aws-ecr-assets/-/aws-ecr-assets-1.25.0.tgz",
      "integrity": "sha512-LHoKACGFL/78cyfCrQCGPw0AQsYC5ZTMmjOxNo+e3LuSYyqF0d9RgEV/bM4LmWn6idWlOATvhw69iJOIbr7LqA==",
      "requires": {
        "@aws-cdk/assets": "1.25.0",
        "@aws-cdk/aws-cloudformation": "1.25.0",
        "@aws-cdk/aws-ecr": "1.25.0",
        "@aws-cdk/aws-iam": "1.25.0",
        "@aws-cdk/aws-lambda": "1.25.0",
        "@aws-cdk/aws-s3": "1.25.0",
        "@aws-cdk/core": "1.25.0",
        "@aws-cdk/cx-api": "1.25.0",
        "minimatch": "^3.0.4"
      },
      "dependencies": {
        "balanced-match": {
          "version": "1.0.0",
          "bundled": true
        },
        "brace-expansion": {
          "version": "1.1.11",
          "bundled": true,
          "requires": {
            "balanced-match": "^1.0.0",
            "concat-map": "0.0.1"
          }
        },
        "concat-map": {
          "version": "0.0.1",
          "bundled": true
        },
        "minimatch": {
          "version": "3.0.4",
          "bundled": true,
          "requires": {
            "brace-expansion": "^1.1.7"
          }
        }
      }
    },
    "@aws-cdk/aws-ecs": {
      "version": "1.25.0",
      "resolved": "https://registry.npmjs.org/@aws-cdk/aws-ecs/-/aws-ecs-1.25.0.tgz",
      "integrity": "sha512-2gWgjTTvi/pBV7wslaIpI/VoLo6av0X0U7pt8/tvA2tXo2uFR8OZ6fvdekQQn/GXji23tvIWnUbJfydBIoLEIQ==",
      "requires": {
        "@aws-cdk/aws-applicationautoscaling": "1.25.0",
        "@aws-cdk/aws-autoscaling": "1.25.0",
        "@aws-cdk/aws-autoscaling-hooktargets": "1.25.0",
        "@aws-cdk/aws-certificatemanager": "1.25.0",
        "@aws-cdk/aws-cloudformation": "1.25.0",
        "@aws-cdk/aws-cloudwatch": "1.25.0",
        "@aws-cdk/aws-ec2": "1.25.0",
        "@aws-cdk/aws-ecr": "1.25.0",
        "@aws-cdk/aws-ecr-assets": "1.25.0",
        "@aws-cdk/aws-elasticloadbalancing": "1.25.0",
        "@aws-cdk/aws-elasticloadbalancingv2": "1.25.0",
        "@aws-cdk/aws-iam": "1.25.0",
        "@aws-cdk/aws-lambda": "1.25.0",
        "@aws-cdk/aws-logs": "1.25.0",
        "@aws-cdk/aws-route53": "1.25.0",
        "@aws-cdk/aws-route53-targets": "1.25.0",
        "@aws-cdk/aws-secretsmanager": "1.25.0",
        "@aws-cdk/aws-servicediscovery": "1.25.0",
        "@aws-cdk/aws-sns": "1.25.0",
        "@aws-cdk/aws-sqs": "1.25.0",
        "@aws-cdk/aws-ssm": "1.25.0",
        "@aws-cdk/core": "1.25.0",
        "@aws-cdk/cx-api": "1.25.0"
      }
    },
    "@aws-cdk/aws-elasticloadbalancing": {
      "version": "1.25.0",
      "resolved": "https://registry.npmjs.org/@aws-cdk/aws-elasticloadbalancing/-/aws-elasticloadbalancing-1.25.0.tgz",
      "integrity": "sha512-VaeGpL0OMf6pGdTEJlktCu+PY2tyfbXEtac5JEZ8XuGSWDDNgeZ5Y3Nd/wetdF18FLOdXhjsvPRxhYSyx2mPSw==",
      "requires": {
        "@aws-cdk/aws-ec2": "1.25.0",
        "@aws-cdk/core": "1.25.0"
      }
    },
    "@aws-cdk/aws-elasticloadbalancingv2": {
      "version": "1.25.0",
      "resolved": "https://registry.npmjs.org/@aws-cdk/aws-elasticloadbalancingv2/-/aws-elasticloadbalancingv2-1.25.0.tgz",
      "integrity": "sha512-kxlmA/S66nbJDwMGIfgTLDbxMiMW4oe9uG0yWDbH2VyF7kZmflNU+xyzUDVR3zsfwra2awhptcHMwREBK7y8tg==",
      "requires": {
        "@aws-cdk/aws-certificatemanager": "1.25.0",
        "@aws-cdk/aws-cloudwatch": "1.25.0",
        "@aws-cdk/aws-ec2": "1.25.0",
        "@aws-cdk/aws-iam": "1.25.0",
        "@aws-cdk/aws-lambda": "1.25.0",
        "@aws-cdk/aws-s3": "1.25.0",
        "@aws-cdk/core": "1.25.0"
      }
    },
    "@aws-cdk/aws-events": {
      "version": "1.25.0",
      "resolved": "https://registry.npmjs.org/@aws-cdk/aws-events/-/aws-events-1.25.0.tgz",
      "integrity": "sha512-/4ZTHR+nP4qG3ibU89IUtHJTQ5wLprMWZk+QCGATRNJOnwn2rONT92BgE9qPwzsaN6akLwCuJ9hfA1LM3MnhJg==",
      "requires": {
        "@aws-cdk/aws-iam": "1.25.0",
        "@aws-cdk/core": "1.25.0"
      }
    },
    "@aws-cdk/aws-iam": {
      "version": "1.25.0",
      "resolved": "https://registry.npmjs.org/@aws-cdk/aws-iam/-/aws-iam-1.25.0.tgz",
      "integrity": "sha512-8EI4N2rgG61KDYdZGplGllmn8NnQdfujtmCDz8LuaDywNxkVR2nY+0eIdL92h8tcVReTAJoTVuISRefGnSYOew==",
      "requires": {
        "@aws-cdk/core": "1.25.0",
        "@aws-cdk/region-info": "1.25.0"
      }
    },
    "@aws-cdk/aws-kms": {
      "version": "1.25.0",
      "resolved": "https://registry.npmjs.org/@aws-cdk/aws-kms/-/aws-kms-1.25.0.tgz",
      "integrity": "sha512-x4mJBUtSKVAT6nEv6SlIW+T9VMWbxddUZwSTUaFK8LMReJ/8S360A4HwLfbuK3yrHpFd7LyJaHmc09hePIRlug==",
      "requires": {
        "@aws-cdk/aws-iam": "1.25.0",
        "@aws-cdk/core": "1.25.0"
      }
    },
    "@aws-cdk/aws-lambda": {
      "version": "1.25.0",
      "resolved": "https://registry.npmjs.org/@aws-cdk/aws-lambda/-/aws-lambda-1.25.0.tgz",
      "integrity": "sha512-6rkoX8yW6bisXpPZjVqAWyLIaFPftIU4H1xiFtByLtyYD+LTYjVJCVTne2ZWHA3ZzjckIq8CO6ZEFyewxmHAKA==",
      "requires": {
        "@aws-cdk/aws-cloudwatch": "1.25.0",
        "@aws-cdk/aws-ec2": "1.25.0",
        "@aws-cdk/aws-events": "1.25.0",
        "@aws-cdk/aws-iam": "1.25.0",
        "@aws-cdk/aws-logs": "1.25.0",
        "@aws-cdk/aws-s3": "1.25.0",
        "@aws-cdk/aws-s3-assets": "1.25.0",
        "@aws-cdk/aws-sqs": "1.25.0",
        "@aws-cdk/core": "1.25.0",
        "@aws-cdk/cx-api": "1.25.0"
      }
    },
    "@aws-cdk/aws-logs": {
      "version": "1.25.0",
      "resolved": "https://registry.npmjs.org/@aws-cdk/aws-logs/-/aws-logs-1.25.0.tgz",
      "integrity": "sha512-GzvOSMJpORGJIH2o6Wsu3EByRXu7mrSCO9QEQY24JHkxkXqN1X1Of204mN+I2+V2xW06p09g292PhTzv4WYr8g==",
      "requires": {
        "@aws-cdk/aws-cloudwatch": "1.25.0",
        "@aws-cdk/aws-iam": "1.25.0",
        "@aws-cdk/core": "1.25.0"
      }
    },
    "@aws-cdk/aws-route53": {
      "version": "1.25.0",
      "resolved": "https://registry.npmjs.org/@aws-cdk/aws-route53/-/aws-route53-1.25.0.tgz",
      "integrity": "sha512-5ELv2KfqfoweuamvrwWVhO9GIFYmOv/09fV7ZCgLPzgtxzSWKDhjC4/ZRlWD7mtJv/SPgNqd/hoV+7woxyfitA==",
      "requires": {
        "@aws-cdk/aws-ec2": "1.25.0",
        "@aws-cdk/aws-logs": "1.25.0",
        "@aws-cdk/core": "1.25.0",
        "@aws-cdk/cx-api": "1.25.0"
      }
    },
    "@aws-cdk/aws-route53-targets": {
      "version": "1.25.0",
      "resolved": "https://registry.npmjs.org/@aws-cdk/aws-route53-targets/-/aws-route53-targets-1.25.0.tgz",
      "integrity": "sha512-C9MUVrnyNTikBxGn3+MOSmJf/s6lo7lAOtF652n3OVODatRNvaH+Y5QZdif2hn8S/WKAKArKBipHWrtr9fvjwQ==",
      "requires": {
        "@aws-cdk/aws-apigateway": "1.25.0",
        "@aws-cdk/aws-cloudfront": "1.25.0",
        "@aws-cdk/aws-ec2": "1.25.0",
        "@aws-cdk/aws-elasticloadbalancing": "1.25.0",
        "@aws-cdk/aws-elasticloadbalancingv2": "1.25.0",
        "@aws-cdk/aws-iam": "1.25.0",
        "@aws-cdk/aws-route53": "1.25.0",
        "@aws-cdk/aws-s3": "1.25.0",
        "@aws-cdk/core": "1.25.0",
        "@aws-cdk/region-info": "1.25.0"
      }
    },
    "@aws-cdk/aws-s3": {
      "version": "1.25.0",
      "resolved": "https://registry.npmjs.org/@aws-cdk/aws-s3/-/aws-s3-1.25.0.tgz",
      "integrity": "sha512-pqgaIvX3O/WA347XBd+/5d/XimJQ9QB8SwktP8j1IM/gnr1VFWbER0GB+WCjE4q4zd8NP9eAX73gKGW7Sj6ZLA==",
      "requires": {
        "@aws-cdk/aws-events": "1.25.0",
        "@aws-cdk/aws-iam": "1.25.0",
        "@aws-cdk/aws-kms": "1.25.0",
        "@aws-cdk/core": "1.25.0"
      }
    },
    "@aws-cdk/aws-s3-assets": {
      "version": "1.25.0",
      "resolved": "https://registry.npmjs.org/@aws-cdk/aws-s3-assets/-/aws-s3-assets-1.25.0.tgz",
      "integrity": "sha512-tC7MfWfZNsEnYjd/waDtbfxFEWw9AAHtoWK3vZ0NCBaOseJTdqnJFrqPsfxa5vbaWdYn9eyi3VYlMnWevtxHqg==",
      "requires": {
        "@aws-cdk/assets": "1.25.0",
        "@aws-cdk/aws-iam": "1.25.0",
        "@aws-cdk/aws-s3": "1.25.0",
        "@aws-cdk/core": "1.25.0",
        "@aws-cdk/cx-api": "1.25.0"
      }
    },
    "@aws-cdk/aws-sam": {
      "version": "1.25.0",
      "resolved": "https://registry.npmjs.org/@aws-cdk/aws-sam/-/aws-sam-1.25.0.tgz",
      "integrity": "sha512-p5Jw7qR+YXFH+9N0IQgJuRLTDQEYyQHhezj2ARQaS4Wu7dRa4pRGzjREcL/kWoydrzIqc6gUi9OIsNo5VGxosA==",
      "requires": {
        "@aws-cdk/core": "1.25.0"
      }
    },
    "@aws-cdk/aws-secretsmanager": {
      "version": "1.25.0",
      "resolved": "https://registry.npmjs.org/@aws-cdk/aws-secretsmanager/-/aws-secretsmanager-1.25.0.tgz",
      "integrity": "sha512-FTqiHzU29eJn3SCoAf03ue76ftXBFCnR19Tu8IBrWgQOnEF+rVEoCqVs9O/+db/rsZfniG2PNC5a46HU95Adhw==",
      "requires": {
        "@aws-cdk/aws-ec2": "1.25.0",
        "@aws-cdk/aws-iam": "1.25.0",
        "@aws-cdk/aws-kms": "1.25.0",
        "@aws-cdk/aws-lambda": "1.25.0",
        "@aws-cdk/aws-sam": "1.25.0",
        "@aws-cdk/core": "1.25.0"
      }
    },
    "@aws-cdk/aws-servicediscovery": {
      "version": "1.25.0",
      "resolved": "https://registry.npmjs.org/@aws-cdk/aws-servicediscovery/-/aws-servicediscovery-1.25.0.tgz",
      "integrity": "sha512-YAeMiQ6ULVX0sLCIp9zEomi0eCDH08dPPjRJJ/pTv5sip73+6cmaNHSpGz1xii+vnMjYvBPVSr8dz6tZJPeBdw==",
      "requires": {
        "@aws-cdk/aws-ec2": "1.25.0",
        "@aws-cdk/aws-elasticloadbalancingv2": "1.25.0",
        "@aws-cdk/aws-route53": "1.25.0",
        "@aws-cdk/core": "1.25.0"
      }
    },
    "@aws-cdk/aws-sns": {
      "version": "1.25.0",
      "resolved": "https://registry.npmjs.org/@aws-cdk/aws-sns/-/aws-sns-1.25.0.tgz",
      "integrity": "sha512-2gC4YUVqOox3SaMBE2t3HBF1E2roJQSWQwJnPUvXT9yXKXVrWm8hOM/nAQhWH3NX9hO7eQrPq/8fJtiNLBKI9A==",
      "requires": {
        "@aws-cdk/aws-cloudwatch": "1.25.0",
        "@aws-cdk/aws-events": "1.25.0",
        "@aws-cdk/aws-iam": "1.25.0",
        "@aws-cdk/aws-kms": "1.25.0",
        "@aws-cdk/core": "1.25.0"
      }
    },
    "@aws-cdk/aws-sns-subscriptions": {
      "version": "1.25.0",
      "resolved": "https://registry.npmjs.org/@aws-cdk/aws-sns-subscriptions/-/aws-sns-subscriptions-1.25.0.tgz",
      "integrity": "sha512-gvOnbMjMtsdoMEwvqvMeP/RJz0GSu+hOC7rtbkypavKODLyZHWu8E2Nt5MF90Qz2xkWOeVVIepxh0AbTlGueJw==",
      "requires": {
        "@aws-cdk/aws-iam": "1.25.0",
        "@aws-cdk/aws-lambda": "1.25.0",
        "@aws-cdk/aws-sns": "1.25.0",
        "@aws-cdk/aws-sqs": "1.25.0",
        "@aws-cdk/core": "1.25.0"
      }
    },
    "@aws-cdk/aws-sqs": {
      "version": "1.25.0",
      "resolved": "https://registry.npmjs.org/@aws-cdk/aws-sqs/-/aws-sqs-1.25.0.tgz",
      "integrity": "sha512-W0SNkBvEloqyHJ0sypk7N4wyMm0RDA+OPr+nmvQHjWm0QTG3o57eyW7g/iaKuqAPXItoBeM6CPdhqLakIwW87g==",
      "requires": {
        "@aws-cdk/aws-cloudwatch": "1.25.0",
        "@aws-cdk/aws-iam": "1.25.0",
        "@aws-cdk/aws-kms": "1.25.0",
        "@aws-cdk/core": "1.25.0"
      }
    },
    "@aws-cdk/aws-ssm": {
      "version": "1.25.0",
      "resolved": "https://registry.npmjs.org/@aws-cdk/aws-ssm/-/aws-ssm-1.25.0.tgz",
      "integrity": "sha512-HqkAs1CeG989rhlbaP5nI4zlRqkj9gMY5zVAHhLF/ejDsULudEFrJEgMVGaw3KpWwhdybjhmxJ0Ou3qh6fjeMQ==",
      "requires": {
        "@aws-cdk/aws-iam": "1.25.0",
        "@aws-cdk/aws-kms": "1.25.0",
        "@aws-cdk/core": "1.25.0",
        "@aws-cdk/cx-api": "1.25.0"
      }
    },
    "@aws-cdk/aws-stepfunctions": {
      "version": "1.25.0",
      "resolved": "https://registry.npmjs.org/@aws-cdk/aws-stepfunctions/-/aws-stepfunctions-1.25.0.tgz",
      "integrity": "sha512-pX/3KxWiP3LjfpaxZkhPnVlaclx0Y2jq7Ec9Qlo4omaSu9NUhfMBT85Lf7OzYFtDTYIr818MdlK2qmgn/UwhNQ==",
      "requires": {
        "@aws-cdk/aws-cloudwatch": "1.25.0",
        "@aws-cdk/aws-events": "1.25.0",
        "@aws-cdk/aws-iam": "1.25.0",
        "@aws-cdk/core": "1.25.0"
      }
    },
    "@aws-cdk/aws-stepfunctions-tasks": {
      "version": "1.25.0",
      "resolved": "https://registry.npmjs.org/@aws-cdk/aws-stepfunctions-tasks/-/aws-stepfunctions-tasks-1.25.0.tgz",
      "integrity": "sha512-Loo5vylx5k0m3v5j15Xx8xGFPAsLsobpQBsiL7+k1FDYF5olGOu0AZXLhACdLV1pMH6SO+UIc4bBG39dTYYIBg==",
      "requires": {
        "@aws-cdk/assets": "1.25.0",
        "@aws-cdk/aws-cloudwatch": "1.25.0",
        "@aws-cdk/aws-ec2": "1.25.0",
        "@aws-cdk/aws-ecr": "1.25.0",
        "@aws-cdk/aws-ecr-assets": "1.25.0",
        "@aws-cdk/aws-ecs": "1.25.0",
        "@aws-cdk/aws-iam": "1.25.0",
        "@aws-cdk/aws-kms": "1.25.0",
        "@aws-cdk/aws-lambda": "1.25.0",
        "@aws-cdk/aws-s3": "1.25.0",
        "@aws-cdk/aws-sns": "1.25.0",
        "@aws-cdk/aws-sqs": "1.25.0",
        "@aws-cdk/aws-stepfunctions": "1.25.0",
        "@aws-cdk/core": "1.25.0"
      }
    },
    "@aws-cdk/core": {
      "version": "1.25.0",
      "resolved": "https://registry.npmjs.org/@aws-cdk/core/-/core-1.25.0.tgz",
      "integrity": "sha512-9N6Y9OI/2uVE1SNMB19N0mLaz2X6EzVg0uQnkesrDWd9YYJ43FmsVl79rQYvhwqqCktV2/wQ6DvY2y02RMWp6g==",
      "requires": {
        "@aws-cdk/cx-api": "1.25.0"
      }
    },
    "@aws-cdk/custom-resources": {
      "version": "1.25.0",
      "resolved": "https://registry.npmjs.org/@aws-cdk/custom-resources/-/custom-resources-1.25.0.tgz",
      "integrity": "sha512-GePwcHOoMI2galX08OS6WwBSG5aTqX7yPfKqUhO/PBJe+PPg3cE/LiqdgOQuUH6YmLJPY1DA90dUkvxmp9QHww==",
      "requires": {
        "@aws-cdk/aws-cloudformation": "1.25.0",
        "@aws-cdk/aws-iam": "1.25.0",
        "@aws-cdk/aws-lambda": "1.25.0",
        "@aws-cdk/aws-sns": "1.25.0",
        "@aws-cdk/aws-stepfunctions": "1.25.0",
        "@aws-cdk/aws-stepfunctions-tasks": "1.25.0",
        "@aws-cdk/core": "1.25.0"
      }
    },
    "@aws-cdk/cx-api": {
      "version": "1.25.0",
      "resolved": "https://registry.npmjs.org/@aws-cdk/cx-api/-/cx-api-1.25.0.tgz",
      "integrity": "sha512-DAsBhBtYf6KKGANd++AS9Q10Yqhuin4QR4Y0/85yYPWMdb5G5J/fvk9R6kiBkDom0Mac4gA+tJZdphTa3YNjMw==",
      "requires": {
        "semver": "^7.1.3"
      },
      "dependencies": {
        "semver": {
          "version": "7.1.3",
          "bundled": true
        }
      }
    },
    "@aws-cdk/region-info": {
      "version": "1.25.0",
      "resolved": "https://registry.npmjs.org/@aws-cdk/region-info/-/region-info-1.25.0.tgz",
      "integrity": "sha512-A39nDwkqfYCqoBgqyyOs70yrSCLnfgkuiZlKPsj28lTZkwyKyqszBdJCXsICt/7dG/Gz7iIEmkD/pPBfqNjygA=="
    },
    "aws-sdk": {
      "version": "2.621.0",
      "resolved": "https://registry.npmjs.org/aws-sdk/-/aws-sdk-2.621.0.tgz",
      "integrity": "sha512-wf87zTPXx2cILc9kAKTXcSrAc+vCc7BxE7G8vPEWAreCDucLHbynachYQvwO5ql+I3Eq651/X2XjnY01niSTNw==",
      "requires": {
        "buffer": "4.9.1",
        "events": "1.1.1",
        "ieee754": "1.1.13",
        "jmespath": "0.15.0",
        "querystring": "0.2.0",
        "sax": "1.2.1",
        "url": "0.10.3",
        "uuid": "3.3.2",
        "xml2js": "0.4.19"
      }
    },
    "base64-js": {
      "version": "1.3.1",
      "resolved": "https://registry.npmjs.org/base64-js/-/base64-js-1.3.1.tgz",
      "integrity": "sha512-mLQ4i2QO1ytvGWFWmcngKO//JXAQueZvwEKtjgQFM4jIK0kU+ytMfplL8j+n5mspOfjHwoAg+9yhb7BwAHm36g=="
    },
    "buffer": {
      "version": "4.9.1",
      "resolved": "https://registry.npmjs.org/buffer/-/buffer-4.9.1.tgz",
      "integrity": "sha1-bRu2AbB6TvztlwlBMgkwJ8lbwpg=",
      "requires": {
        "base64-js": "^1.0.2",
        "ieee754": "^1.1.4",
        "isarray": "^1.0.0"
      }
    },
    "events": {
      "version": "1.1.1",
      "resolved": "https://registry.npmjs.org/events/-/events-1.1.1.tgz",
      "integrity": "sha1-nr23Y1rQmccNzEwqH1AEKI6L2SQ="
    },
    "ieee754": {
      "version": "1.1.13",
      "resolved": "https://registry.npmjs.org/ieee754/-/ieee754-1.1.13.tgz",
      "integrity": "sha512-4vf7I2LYV/HaWerSo3XmlMkp5eZ83i+/CDluXi/IGTs/O1sejBNhTtnxzmRZfvOUqj7lZjqHkeTvpgSFDlWZTg=="
    },
    "isarray": {
      "version": "1.0.0",
      "resolved": "https://registry.npmjs.org/isarray/-/isarray-1.0.0.tgz",
      "integrity": "sha1-u5NdSFgsuhaMBoNJV6VKPgcSTxE="
    },
    "jmespath": {
      "version": "0.15.0",
      "resolved": "https://registry.npmjs.org/jmespath/-/jmespath-0.15.0.tgz",
      "integrity": "sha1-o/Iiqarp+Wb10nx5ZRDigJF2Qhc="
    },
    "punycode": {
      "version": "1.3.2",
      "resolved": "https://registry.npmjs.org/punycode/-/punycode-1.3.2.tgz",
      "integrity": "sha1-llOgNvt8HuQjQvIyXM7v6jkmxI0="
    },
    "querystring": {
      "version": "0.2.0",
      "resolved": "https://registry.npmjs.org/querystring/-/querystring-0.2.0.tgz",
      "integrity": "sha1-sgmEkgO7Jd+CDadW50cAWHhSFiA="
    },
    "sax": {
      "version": "1.2.1",
      "resolved": "https://registry.npmjs.org/sax/-/sax-1.2.1.tgz",
      "integrity": "sha1-e45lYZCyKOgaZq6nSEgNgozS03o="
    },
    "url": {
      "version": "0.10.3",
      "resolved": "https://registry.npmjs.org/url/-/url-0.10.3.tgz",
      "integrity": "sha1-Ah5NnHcF8hu/N9A861h2dAJ3TGQ=",
      "requires": {
        "punycode": "1.3.2",
        "querystring": "0.2.0"
      }
    },
    "uuid": {
      "version": "3.3.2",
      "resolved": "https://registry.npmjs.org/uuid/-/uuid-3.3.2.tgz",
      "integrity": "sha512-yXJmeNaw3DnnKAOKJE51sL/ZaYfWJRl1pK9dr19YFCu0ObS231AB1/LbqTKRAQ5kw8A90rA6fr4riOUpTZvQZA=="
    },
    "xml2js": {
      "version": "0.4.19",
      "resolved": "https://registry.npmjs.org/xml2js/-/xml2js-0.4.19.tgz",
      "integrity": "sha512-esZnJZJOiJR9wWKMyuvSE1y6Dq5LCuJanqhxslH2bxM6duahNZ+HMpCLhBQGZkbX6xRf8x1Y2eJlgt2q3qo49Q==",
      "requires": {
        "sax": ">=0.6.0",
        "xmlbuilder": "~9.0.1"
      }
    },
    "xmlbuilder": {
      "version": "9.0.7",
      "resolved": "https://registry.npmjs.org/xmlbuilder/-/xmlbuilder-9.0.7.tgz",
      "integrity": "sha1-Ey7mPS7FVlxVfiD0wi35rKaGsQ0="
    }
  }
}
